// !$*UTF8*$!
{
	archiveVersion = 1;
	classes = {
	};
	objectVersion = 46;
	objects = {

/* Begin PBXBuildFile section */
		4F1288461D9F38290095291C /* db.sqlite in Resources */ = {isa = PBXBuildFile; fileRef = 4F1288451D9F38290095291C /* db.sqlite */; };
		4F18D5AA1D6FC6E100B46F13 /* Rectangle.swift in Sources */ = {isa = PBXBuildFile; fileRef = 4F18D5A91D6FC6E100B46F13 /* Rectangle.swift */; };
		4F18D5AC1D6FD27600B46F13 /* TopRectangle.swift in Sources */ = {isa = PBXBuildFile; fileRef = 4F18D5AB1D6FD27600B46F13 /* TopRectangle.swift */; };
		4F18D5AE1D6FDB1800B46F13 /* BottomRectangle.swift in Sources */ = {isa = PBXBuildFile; fileRef = 4F18D5AD1D6FDB1800B46F13 /* BottomRectangle.swift */; };
		4F362AE21DA89CEF0094B6FF /* LeftBarDelegate.swift in Sources */ = {isa = PBXBuildFile; fileRef = 4F362ADD1DA89CEF0094B6FF /* LeftBarDelegate.swift */; };
		4F362AE31DA89CEF0094B6FF /* LeftBarOptionCell.swift in Sources */ = {isa = PBXBuildFile; fileRef = 4F362ADE1DA89CEF0094B6FF /* LeftBarOptionCell.swift */; };
		4F362AE41DA89CEF0094B6FF /* LeftBarOptionCell.xib in Resources */ = {isa = PBXBuildFile; fileRef = 4F362ADF1DA89CEF0094B6FF /* LeftBarOptionCell.xib */; };
		4F362AE51DA89CEF0094B6FF /* LeftBarViewController.swift in Sources */ = {isa = PBXBuildFile; fileRef = 4F362AE01DA89CEF0094B6FF /* LeftBarViewController.swift */; };
		4F362AE61DA89CEF0094B6FF /* LeftBarViewController.xib in Resources */ = {isa = PBXBuildFile; fileRef = 4F362AE11DA89CEF0094B6FF /* LeftBarViewController.xib */; };
		4F362AEA1DA89D390094B6FF /* CenterControllerDelegate.swift in Sources */ = {isa = PBXBuildFile; fileRef = 4F362AE81DA89D390094B6FF /* CenterControllerDelegate.swift */; };
		4F362AEB1DA89D390094B6FF /* CenterViewNavigationController.swift in Sources */ = {isa = PBXBuildFile; fileRef = 4F362AE91DA89D390094B6FF /* CenterViewNavigationController.swift */; };
		4F362AEE1DA8A0400094B6FF /* leftBarOptions.plist in Resources */ = {isa = PBXBuildFile; fileRef = 4F362AF01DA8A0400094B6FF /* leftBarOptions.plist */; };
		4F3B92BB1D76401E00255932 /* LeftRectangle.swift in Sources */ = {isa = PBXBuildFile; fileRef = 4F3B92BA1D76401E00255932 /* LeftRectangle.swift */; };
		4F3B92BD1D76583300255932 /* RightRectangle.swift in Sources */ = {isa = PBXBuildFile; fileRef = 4F3B92BC1D76583300255932 /* RightRectangle.swift */; };
		4F3B92C01D76617500255932 /* RectangleAdapter.swift in Sources */ = {isa = PBXBuildFile; fileRef = 4F3B92BF1D76617500255932 /* RectangleAdapter.swift */; };
		4F3B92C21D766CB100255932 /* CentralRectangle.swift in Sources */ = {isa = PBXBuildFile; fileRef = 4F3B92C11D766CB100255932 /* CentralRectangle.swift */; };
		4F4473ED1DADA959003C39F8 /* SynchronizeViewController.swift in Sources */ = {isa = PBXBuildFile; fileRef = 4F4473EB1DADA959003C39F8 /* SynchronizeViewController.swift */; };
		4F4473EE1DADA959003C39F8 /* SynchronizeViewController.xib in Resources */ = {isa = PBXBuildFile; fileRef = 4F4473EC1DADA959003C39F8 /* SynchronizeViewController.xib */; };
		4F4473F11DADA96F003C39F8 /* LabeledImagesController.swift in Sources */ = {isa = PBXBuildFile; fileRef = 4F4473EF1DADA96F003C39F8 /* LabeledImagesController.swift */; };
		4F4473F21DADA96F003C39F8 /* LabeledImagesController.xib in Resources */ = {isa = PBXBuildFile; fileRef = 4F4473F01DADA96F003C39F8 /* LabeledImagesController.xib */; };
		4F58DB951DA3408A006B4A1D /* LateralBarController.swift in Sources */ = {isa = PBXBuildFile; fileRef = 4F58DB941DA3408A006B4A1D /* LateralBarController.swift */; };
		4F618D4D1DA1A7EB003A220C /* DBHandler.swift in Sources */ = {isa = PBXBuildFile; fileRef = 4F618D4C1DA1A7EA003A220C /* DBHandler.swift */; };
		4F618D501DA1EC56003A220C /* Categories.plist in Resources */ = {isa = PBXBuildFile; fileRef = 4F618D521DA1EC56003A220C /* Categories.plist */; };
		4F618D551DA1FC5A003A220C /* PlistFileManager.swift in Sources */ = {isa = PBXBuildFile; fileRef = 4F618D541DA1FC5A003A220C /* PlistFileManager.swift */; };
		4F8F7D801D863DD900173064 /* LateralRectangle.swift in Sources */ = {isa = PBXBuildFile; fileRef = 4F8F7D7F1D863DD900173064 /* LateralRectangle.swift */; };
		4FA1E4631D99EDB70007567B /* CropView.xib in Resources */ = {isa = PBXBuildFile; fileRef = 4FA1E4621D99EDB70007567B /* CropView.xib */; };
		4FB5C8B71D63CF6700E9A783 /* AppDelegate.swift in Sources */ = {isa = PBXBuildFile; fileRef = 4FB5C8B61D63CF6700E9A783 /* AppDelegate.swift */; };
		4FB5C8B91D63CF6700E9A783 /* ViewController.swift in Sources */ = {isa = PBXBuildFile; fileRef = 4FB5C8B81D63CF6700E9A783 /* ViewController.swift */; };
		4FB5C8BE1D63CF6700E9A783 /* Assets.xcassets in Resources */ = {isa = PBXBuildFile; fileRef = 4FB5C8BD1D63CF6700E9A783 /* Assets.xcassets */; };
		4FB5C8C11D63CF6700E9A783 /* LaunchScreen.storyboard in Resources */ = {isa = PBXBuildFile; fileRef = 4FB5C8BF1D63CF6700E9A783 /* LaunchScreen.storyboard */; };
		4FB5C8CC1D63CF6700E9A783 /* clothingClassifierTests.swift in Sources */ = {isa = PBXBuildFile; fileRef = 4FB5C8CB1D63CF6700E9A783 /* clothingClassifierTests.swift */; };
		4FB5C8D71D63CF6700E9A783 /* clothingClassifierUITests.swift in Sources */ = {isa = PBXBuildFile; fileRef = 4FB5C8D61D63CF6700E9A783 /* clothingClassifierUITests.swift */; };
		4FB5C8E71D63D13E00E9A783 /* Localizable.strings in Resources */ = {isa = PBXBuildFile; fileRef = 4FB5C8E91D63D13E00E9A783 /* Localizable.strings */; };
		4FB5C8F21D654C1800E9A783 /* AdaptableRectangle.swift in Sources */ = {isa = PBXBuildFile; fileRef = 4FB5C8F11D654C1800E9A783 /* AdaptableRectangle.swift */; };
		72157686C7C52A406209B081 /* Pods_clothingClassifierTests.framework in Frameworks */ = {isa = PBXBuildFile; fileRef = 3CE9CE80FED123FCB125058E /* Pods_clothingClassifierTests.framework */; };
		89B7EB7F034A79F9CB627B02 /* Pods_clothingClassifier.framework in Frameworks */ = {isa = PBXBuildFile; fileRef = 8AA35035FBB01FBE338217CC /* Pods_clothingClassifier.framework */; };
		ECAE28765E4CC30D6418B852 /* Pods_clothingClassifierUITests.framework in Frameworks */ = {isa = PBXBuildFile; fileRef = 1D905603675E4DD7DB8E0962 /* Pods_clothingClassifierUITests.framework */; };
/* End PBXBuildFile section */

/* Begin PBXContainerItemProxy section */
		4FB5C8C81D63CF6700E9A783 /* PBXContainerItemProxy */ = {
			isa = PBXContainerItemProxy;
			containerPortal = 4FB5C8AB1D63CF6600E9A783 /* Project object */;
			proxyType = 1;
			remoteGlobalIDString = 4FB5C8B21D63CF6600E9A783;
			remoteInfo = clothingClassifier;
		};
		4FB5C8D31D63CF6700E9A783 /* PBXContainerItemProxy */ = {
			isa = PBXContainerItemProxy;
			containerPortal = 4FB5C8AB1D63CF6600E9A783 /* Project object */;
			proxyType = 1;
			remoteGlobalIDString = 4FB5C8B21D63CF6600E9A783;
			remoteInfo = clothingClassifier;
		};
/* End PBXContainerItemProxy section */

/* Begin PBXFileReference section */
		10C5C35411F5F646344F8527 /* Pods-clothingClassifierTests.debug.xcconfig */ = {isa = PBXFileReference; includeInIndex = 1; lastKnownFileType = text.xcconfig; name = "Pods-clothingClassifierTests.debug.xcconfig"; path = "Pods/Target Support Files/Pods-clothingClassifierTests/Pods-clothingClassifierTests.debug.xcconfig"; sourceTree = "<group>"; };
		1D905603675E4DD7DB8E0962 /* Pods_clothingClassifierUITests.framework */ = {isa = PBXFileReference; explicitFileType = wrapper.framework; includeInIndex = 0; path = Pods_clothingClassifierUITests.framework; sourceTree = BUILT_PRODUCTS_DIR; };
		3CE9CE80FED123FCB125058E /* Pods_clothingClassifierTests.framework */ = {isa = PBXFileReference; explicitFileType = wrapper.framework; includeInIndex = 0; path = Pods_clothingClassifierTests.framework; sourceTree = BUILT_PRODUCTS_DIR; };
		4F1288451D9F38290095291C /* db.sqlite */ = {isa = PBXFileReference; lastKnownFileType = file; path = db.sqlite; sourceTree = "<group>"; };
		4F18D5A91D6FC6E100B46F13 /* Rectangle.swift */ = {isa = PBXFileReference; fileEncoding = 4; lastKnownFileType = sourcecode.swift; path = Rectangle.swift; sourceTree = "<group>"; };
		4F18D5AB1D6FD27600B46F13 /* TopRectangle.swift */ = {isa = PBXFileReference; fileEncoding = 4; lastKnownFileType = sourcecode.swift; path = TopRectangle.swift; sourceTree = "<group>"; };
		4F18D5AD1D6FDB1800B46F13 /* BottomRectangle.swift */ = {isa = PBXFileReference; fileEncoding = 4; lastKnownFileType = sourcecode.swift; path = BottomRectangle.swift; sourceTree = "<group>"; };
		4F362ADD1DA89CEF0094B6FF /* LeftBarDelegate.swift */ = {isa = PBXFileReference; fileEncoding = 4; lastKnownFileType = sourcecode.swift; path = LeftBarDelegate.swift; sourceTree = "<group>"; };
		4F362ADE1DA89CEF0094B6FF /* LeftBarOptionCell.swift */ = {isa = PBXFileReference; fileEncoding = 4; lastKnownFileType = sourcecode.swift; path = LeftBarOptionCell.swift; sourceTree = "<group>"; };
		4F362ADF1DA89CEF0094B6FF /* LeftBarOptionCell.xib */ = {isa = PBXFileReference; fileEncoding = 4; lastKnownFileType = file.xib; path = LeftBarOptionCell.xib; sourceTree = "<group>"; };
		4F362AE01DA89CEF0094B6FF /* LeftBarViewController.swift */ = {isa = PBXFileReference; fileEncoding = 4; lastKnownFileType = sourcecode.swift; path = LeftBarViewController.swift; sourceTree = "<group>"; };
		4F362AE11DA89CEF0094B6FF /* LeftBarViewController.xib */ = {isa = PBXFileReference; fileEncoding = 4; lastKnownFileType = file.xib; path = LeftBarViewController.xib; sourceTree = "<group>"; };
		4F362AE81DA89D390094B6FF /* CenterControllerDelegate.swift */ = {isa = PBXFileReference; fileEncoding = 4; lastKnownFileType = sourcecode.swift; path = CenterControllerDelegate.swift; sourceTree = "<group>"; };
		4F362AE91DA89D390094B6FF /* CenterViewNavigationController.swift */ = {isa = PBXFileReference; fileEncoding = 4; lastKnownFileType = sourcecode.swift; path = CenterViewNavigationController.swift; sourceTree = "<group>"; };
		4F362AEF1DA8A0400094B6FF /* Base */ = {isa = PBXFileReference; lastKnownFileType = text.plist.xml; name = Base; path = Base.lproj/leftBarOptions.plist; sourceTree = "<group>"; };
		4F362AF11DA8A0420094B6FF /* es */ = {isa = PBXFileReference; lastKnownFileType = text.plist.xml; name = es; path = es.lproj/leftBarOptions.plist; sourceTree = "<group>"; };
		4F3B92BA1D76401E00255932 /* LeftRectangle.swift */ = {isa = PBXFileReference; fileEncoding = 4; lastKnownFileType = sourcecode.swift; path = LeftRectangle.swift; sourceTree = "<group>"; };
		4F3B92BC1D76583300255932 /* RightRectangle.swift */ = {isa = PBXFileReference; fileEncoding = 4; lastKnownFileType = sourcecode.swift; path = RightRectangle.swift; sourceTree = "<group>"; };
		4F3B92BF1D76617500255932 /* RectangleAdapter.swift */ = {isa = PBXFileReference; fileEncoding = 4; lastKnownFileType = sourcecode.swift; path = RectangleAdapter.swift; sourceTree = "<group>"; };
		4F3B92C11D766CB100255932 /* CentralRectangle.swift */ = {isa = PBXFileReference; fileEncoding = 4; lastKnownFileType = sourcecode.swift; path = CentralRectangle.swift; sourceTree = "<group>"; };
		4F4473EB1DADA959003C39F8 /* SynchronizeViewController.swift */ = {isa = PBXFileReference; fileEncoding = 4; lastKnownFileType = sourcecode.swift; path = SynchronizeViewController.swift; sourceTree = "<group>"; };
		4F4473EC1DADA959003C39F8 /* SynchronizeViewController.xib */ = {isa = PBXFileReference; fileEncoding = 4; lastKnownFileType = file.xib; path = SynchronizeViewController.xib; sourceTree = "<group>"; };
		4F4473EF1DADA96F003C39F8 /* LabeledImagesController.swift */ = {isa = PBXFileReference; fileEncoding = 4; lastKnownFileType = sourcecode.swift; path = LabeledImagesController.swift; sourceTree = "<group>"; };
		4F4473F01DADA96F003C39F8 /* LabeledImagesController.xib */ = {isa = PBXFileReference; fileEncoding = 4; lastKnownFileType = file.xib; path = LabeledImagesController.xib; sourceTree = "<group>"; };
		4F58DB941DA3408A006B4A1D /* LateralBarController.swift */ = {isa = PBXFileReference; fileEncoding = 4; lastKnownFileType = sourcecode.swift; path = LateralBarController.swift; sourceTree = "<group>"; };
		4F618D4C1DA1A7EA003A220C /* DBHandler.swift */ = {isa = PBXFileReference; fileEncoding = 4; lastKnownFileType = sourcecode.swift; path = DBHandler.swift; sourceTree = "<group>"; };
		4F618D511DA1EC56003A220C /* es */ = {isa = PBXFileReference; lastKnownFileType = text.plist.xml; name = es; path = es.lproj/Categories.plist; sourceTree = "<group>"; };
		4F618D531DA1EC5D003A220C /* Base */ = {isa = PBXFileReference; lastKnownFileType = text.plist.xml; name = Base; path = Base.lproj/Categories.plist; sourceTree = "<group>"; };
		4F618D541DA1FC5A003A220C /* PlistFileManager.swift */ = {isa = PBXFileReference; fileEncoding = 4; lastKnownFileType = sourcecode.swift; path = PlistFileManager.swift; sourceTree = "<group>"; };
		4F8F7D7F1D863DD900173064 /* LateralRectangle.swift */ = {isa = PBXFileReference; fileEncoding = 4; lastKnownFileType = sourcecode.swift; path = LateralRectangle.swift; sourceTree = "<group>"; };
		4FA1E4621D99EDB70007567B /* CropView.xib */ = {isa = PBXFileReference; fileEncoding = 4; lastKnownFileType = file.xib; path = CropView.xib; sourceTree = "<group>"; };
		4FB5C8B31D63CF6700E9A783 /* clothingClassifier.app */ = {isa = PBXFileReference; explicitFileType = wrapper.application; includeInIndex = 0; path = clothingClassifier.app; sourceTree = BUILT_PRODUCTS_DIR; };
		4FB5C8B61D63CF6700E9A783 /* AppDelegate.swift */ = {isa = PBXFileReference; lastKnownFileType = sourcecode.swift; path = AppDelegate.swift; sourceTree = "<group>"; };
		4FB5C8B81D63CF6700E9A783 /* ViewController.swift */ = {isa = PBXFileReference; lastKnownFileType = sourcecode.swift; path = ViewController.swift; sourceTree = "<group>"; };
		4FB5C8BD1D63CF6700E9A783 /* Assets.xcassets */ = {isa = PBXFileReference; lastKnownFileType = folder.assetcatalog; path = Assets.xcassets; sourceTree = "<group>"; };
		4FB5C8C01D63CF6700E9A783 /* Base */ = {isa = PBXFileReference; lastKnownFileType = file.storyboard; name = Base; path = Base.lproj/LaunchScreen.storyboard; sourceTree = "<group>"; };
		4FB5C8C21D63CF6700E9A783 /* Info.plist */ = {isa = PBXFileReference; lastKnownFileType = text.plist.xml; path = Info.plist; sourceTree = "<group>"; };
		4FB5C8C71D63CF6700E9A783 /* clothingClassifierTests.xctest */ = {isa = PBXFileReference; explicitFileType = wrapper.cfbundle; includeInIndex = 0; path = clothingClassifierTests.xctest; sourceTree = BUILT_PRODUCTS_DIR; };
		4FB5C8CB1D63CF6700E9A783 /* clothingClassifierTests.swift */ = {isa = PBXFileReference; lastKnownFileType = sourcecode.swift; path = clothingClassifierTests.swift; sourceTree = "<group>"; };
		4FB5C8CD1D63CF6700E9A783 /* Info.plist */ = {isa = PBXFileReference; lastKnownFileType = text.plist.xml; path = Info.plist; sourceTree = "<group>"; };
		4FB5C8D21D63CF6700E9A783 /* clothingClassifierUITests.xctest */ = {isa = PBXFileReference; explicitFileType = wrapper.cfbundle; includeInIndex = 0; path = clothingClassifierUITests.xctest; sourceTree = BUILT_PRODUCTS_DIR; };
		4FB5C8D61D63CF6700E9A783 /* clothingClassifierUITests.swift */ = {isa = PBXFileReference; lastKnownFileType = sourcecode.swift; path = clothingClassifierUITests.swift; sourceTree = "<group>"; };
		4FB5C8D81D63CF6700E9A783 /* Info.plist */ = {isa = PBXFileReference; lastKnownFileType = text.plist.xml; path = Info.plist; sourceTree = "<group>"; };
		4FB5C8E81D63D13E00E9A783 /* en */ = {isa = PBXFileReference; lastKnownFileType = text.plist.strings; name = en; path = en.lproj/Localizable.strings; sourceTree = "<group>"; };
		4FB5C8EB1D63D1AB00E9A783 /* es */ = {isa = PBXFileReference; lastKnownFileType = text.plist.strings; name = es; path = es.lproj/LaunchScreen.strings; sourceTree = "<group>"; };
		4FB5C8EC1D63D1AB00E9A783 /* es */ = {isa = PBXFileReference; lastKnownFileType = text.plist.strings; name = es; path = es.lproj/Localizable.strings; sourceTree = "<group>"; };
		4FB5C8F11D654C1800E9A783 /* AdaptableRectangle.swift */ = {isa = PBXFileReference; fileEncoding = 4; lastKnownFileType = sourcecode.swift; path = AdaptableRectangle.swift; sourceTree = "<group>"; };
		66E775378F2F0A94BE9DD085 /* Pods-clothingClassifierUITests.debug.xcconfig */ = {isa = PBXFileReference; includeInIndex = 1; lastKnownFileType = text.xcconfig; name = "Pods-clothingClassifierUITests.debug.xcconfig"; path = "Pods/Target Support Files/Pods-clothingClassifierUITests/Pods-clothingClassifierUITests.debug.xcconfig"; sourceTree = "<group>"; };
		85E3706CF82F61FCCEE5400B /* Pods-clothingClassifier.release.xcconfig */ = {isa = PBXFileReference; includeInIndex = 1; lastKnownFileType = text.xcconfig; name = "Pods-clothingClassifier.release.xcconfig"; path = "Pods/Target Support Files/Pods-clothingClassifier/Pods-clothingClassifier.release.xcconfig"; sourceTree = "<group>"; };
		8AA35035FBB01FBE338217CC /* Pods_clothingClassifier.framework */ = {isa = PBXFileReference; explicitFileType = wrapper.framework; includeInIndex = 0; path = Pods_clothingClassifier.framework; sourceTree = BUILT_PRODUCTS_DIR; };
		ADD14E9FDCD58C7244D47864 /* Pods-clothingClassifier.debug.xcconfig */ = {isa = PBXFileReference; includeInIndex = 1; lastKnownFileType = text.xcconfig; name = "Pods-clothingClassifier.debug.xcconfig"; path = "Pods/Target Support Files/Pods-clothingClassifier/Pods-clothingClassifier.debug.xcconfig"; sourceTree = "<group>"; };
		DE7B49C8C3B54C901AE179BD /* Pods-clothingClassifierUITests.release.xcconfig */ = {isa = PBXFileReference; includeInIndex = 1; lastKnownFileType = text.xcconfig; name = "Pods-clothingClassifierUITests.release.xcconfig"; path = "Pods/Target Support Files/Pods-clothingClassifierUITests/Pods-clothingClassifierUITests.release.xcconfig"; sourceTree = "<group>"; };
		F303DBD6886DF23A404912C9 /* Pods-clothingClassifierTests.release.xcconfig */ = {isa = PBXFileReference; includeInIndex = 1; lastKnownFileType = text.xcconfig; name = "Pods-clothingClassifierTests.release.xcconfig"; path = "Pods/Target Support Files/Pods-clothingClassifierTests/Pods-clothingClassifierTests.release.xcconfig"; sourceTree = "<group>"; };
/* End PBXFileReference section */

/* Begin PBXFrameworksBuildPhase section */
		4FB5C8B01D63CF6600E9A783 /* Frameworks */ = {
			isa = PBXFrameworksBuildPhase;
			buildActionMask = 2147483647;
			files = (
				89B7EB7F034A79F9CB627B02 /* Pods_clothingClassifier.framework in Frameworks */,
			);
			runOnlyForDeploymentPostprocessing = 0;
		};
		4FB5C8C41D63CF6700E9A783 /* Frameworks */ = {
			isa = PBXFrameworksBuildPhase;
			buildActionMask = 2147483647;
			files = (
				72157686C7C52A406209B081 /* Pods_clothingClassifierTests.framework in Frameworks */,
			);
			runOnlyForDeploymentPostprocessing = 0;
		};
		4FB5C8CF1D63CF6700E9A783 /* Frameworks */ = {
			isa = PBXFrameworksBuildPhase;
			buildActionMask = 2147483647;
			files = (
				ECAE28765E4CC30D6418B852 /* Pods_clothingClassifierUITests.framework in Frameworks */,
			);
			runOnlyForDeploymentPostprocessing = 0;
		};
/* End PBXFrameworksBuildPhase section */

/* Begin PBXGroup section */
		4F1288441D9F38290095291C /* database */ = {
			isa = PBXGroup;
			children = (
				4F1288451D9F38290095291C /* db.sqlite */,
				4F618D4C1DA1A7EA003A220C /* DBHandler.swift */,
			);
			path = database;
			sourceTree = "<group>";
		};
		4F1288471D9F39F90095291C /* supportingFiles */ = {
			isa = PBXGroup;
			children = (
				4FB5C8C21D63CF6700E9A783 /* Info.plist */,
				4F618D521DA1EC56003A220C /* Categories.plist */,
				4F618D541DA1FC5A003A220C /* PlistFileManager.swift */,
			);
			name = supportingFiles;
			sourceTree = "<group>";
		};
		4F362ADC1DA89CEF0094B6FF /* LeftBar */ = {
			isa = PBXGroup;
			children = (
				4F362ADD1DA89CEF0094B6FF /* LeftBarDelegate.swift */,
				4F362ADE1DA89CEF0094B6FF /* LeftBarOptionCell.swift */,
				4F362ADF1DA89CEF0094B6FF /* LeftBarOptionCell.xib */,
				4F362AE01DA89CEF0094B6FF /* LeftBarViewController.swift */,
				4F362AE11DA89CEF0094B6FF /* LeftBarViewController.xib */,
				4F362AF01DA8A0400094B6FF /* leftBarOptions.plist */,
			);
			path = LeftBar;
			sourceTree = "<group>";
		};
		4F362AE71DA89D390094B6FF /* CentralView */ = {
			isa = PBXGroup;
			children = (
				4F362AE81DA89D390094B6FF /* CenterControllerDelegate.swift */,
				4F362AE91DA89D390094B6FF /* CenterViewNavigationController.swift */,
			);
			path = CentralView;
			sourceTree = "<group>";
		};
		4F3B92BE1D765FCE00255932 /* Rectangle */ = {
			isa = PBXGroup;
			children = (
				4F18D5AD1D6FDB1800B46F13 /* BottomRectangle.swift */,
				4F18D5A91D6FC6E100B46F13 /* Rectangle.swift */,
				4F18D5AB1D6FD27600B46F13 /* TopRectangle.swift */,
				4F3B92BA1D76401E00255932 /* LeftRectangle.swift */,
				4F3B92BC1D76583300255932 /* RightRectangle.swift */,
				4F3B92C11D766CB100255932 /* CentralRectangle.swift */,
				4F8F7D7F1D863DD900173064 /* LateralRectangle.swift */,
			);
			name = Rectangle;
			sourceTree = "<group>";
		};
		4F4473E91DADA929003C39F8 /* reviewView */ = {
			isa = PBXGroup;
			children = (
				4F4473EF1DADA96F003C39F8 /* LabeledImagesController.swift */,
				4F4473F01DADA96F003C39F8 /* LabeledImagesController.xib */,
			);
			path = reviewView;
			sourceTree = "<group>";
		};
		4F4473EA1DADA92F003C39F8 /* syncView */ = {
			isa = PBXGroup;
			children = (
				4F4473EB1DADA959003C39F8 /* SynchronizeViewController.swift */,
				4F4473EC1DADA959003C39F8 /* SynchronizeViewController.xib */,
			);
			path = syncView;
			sourceTree = "<group>";
		};
		4F58DB931DA3408A006B4A1D /* navigationFiles */ = {
			isa = PBXGroup;
			children = (
				4F362AE71DA89D390094B6FF /* CentralView */,
				4F362ADC1DA89CEF0094B6FF /* LeftBar */,
				4F58DB941DA3408A006B4A1D /* LateralBarController.swift */,
			);
			path = navigationFiles;
			sourceTree = "<group>";
		};
		4FA1E4611D99ED890007567B /* CropView */ = {
			isa = PBXGroup;
			children = (
				4FB5C8B81D63CF6700E9A783 /* ViewController.swift */,
				4FA1E4621D99EDB70007567B /* CropView.xib */,
			);
			name = CropView;
			sourceTree = "<group>";
		};
		4FB5C8AA1D63CF6600E9A783 = {
			isa = PBXGroup;
			children = (
				4FB5C8B51D63CF6700E9A783 /* clothingClassifier */,
				4FB5C8CA1D63CF6700E9A783 /* clothingClassifierTests */,
				4FB5C8D51D63CF6700E9A783 /* clothingClassifierUITests */,
				4FB5C8B41D63CF6700E9A783 /* Products */,
				F9D40BDD83858BFDFF5AAE7E /* Pods */,
				B529A73BDEDFEF6496C4A309 /* Frameworks */,
			);
			sourceTree = "<group>";
		};
		4FB5C8B41D63CF6700E9A783 /* Products */ = {
			isa = PBXGroup;
			children = (
				4FB5C8B31D63CF6700E9A783 /* clothingClassifier.app */,
				4FB5C8C71D63CF6700E9A783 /* clothingClassifierTests.xctest */,
				4FB5C8D21D63CF6700E9A783 /* clothingClassifierUITests.xctest */,
			);
			name = Products;
			sourceTree = "<group>";
		};
		4FB5C8B51D63CF6700E9A783 /* clothingClassifier */ = {
			isa = PBXGroup;
			children = (
				4F4473EA1DADA92F003C39F8 /* syncView */,
				4F4473E91DADA929003C39F8 /* reviewView */,
				4F58DB931DA3408A006B4A1D /* navigationFiles */,
				4F1288471D9F39F90095291C /* supportingFiles */,
				4F1288441D9F38290095291C /* database */,
				4FA1E4611D99ED890007567B /* CropView */,
				4FB5C8F01D654BE700E9A783 /* utils */,
				4FB5C8E41D63D10B00E9A783 /* Internationalization */,
				4FB5C8B61D63CF6700E9A783 /* AppDelegate.swift */,
				4FB5C8BD1D63CF6700E9A783 /* Assets.xcassets */,
				4FB5C8BF1D63CF6700E9A783 /* LaunchScreen.storyboard */,
			);
			path = clothingClassifier;
			sourceTree = "<group>";
		};
		4FB5C8CA1D63CF6700E9A783 /* clothingClassifierTests */ = {
			isa = PBXGroup;
			children = (
				4FB5C8CB1D63CF6700E9A783 /* clothingClassifierTests.swift */,
				4FB5C8CD1D63CF6700E9A783 /* Info.plist */,
			);
			path = clothingClassifierTests;
			sourceTree = "<group>";
		};
		4FB5C8D51D63CF6700E9A783 /* clothingClassifierUITests */ = {
			isa = PBXGroup;
			children = (
				4FB5C8D61D63CF6700E9A783 /* clothingClassifierUITests.swift */,
				4FB5C8D81D63CF6700E9A783 /* Info.plist */,
			);
			path = clothingClassifierUITests;
			sourceTree = "<group>";
		};
		4FB5C8E41D63D10B00E9A783 /* Internationalization */ = {
			isa = PBXGroup;
			children = (
				4FB5C8E91D63D13E00E9A783 /* Localizable.strings */,
			);
			path = Internationalization;
			sourceTree = "<group>";
		};
		4FB5C8F01D654BE700E9A783 /* utils */ = {
			isa = PBXGroup;
			children = (
				4FB5C8F11D654C1800E9A783 /* AdaptableRectangle.swift */,
				4F3B92BE1D765FCE00255932 /* Rectangle */,
				4F3B92BF1D76617500255932 /* RectangleAdapter.swift */,
			);
			path = utils;
			sourceTree = "<group>";
		};
		B529A73BDEDFEF6496C4A309 /* Frameworks */ = {
			isa = PBXGroup;
			children = (
				8AA35035FBB01FBE338217CC /* Pods_clothingClassifier.framework */,
				3CE9CE80FED123FCB125058E /* Pods_clothingClassifierTests.framework */,
				1D905603675E4DD7DB8E0962 /* Pods_clothingClassifierUITests.framework */,
			);
			name = Frameworks;
			sourceTree = "<group>";
		};
		F9D40BDD83858BFDFF5AAE7E /* Pods */ = {
			isa = PBXGroup;
			children = (
				ADD14E9FDCD58C7244D47864 /* Pods-clothingClassifier.debug.xcconfig */,
				85E3706CF82F61FCCEE5400B /* Pods-clothingClassifier.release.xcconfig */,
				10C5C35411F5F646344F8527 /* Pods-clothingClassifierTests.debug.xcconfig */,
				F303DBD6886DF23A404912C9 /* Pods-clothingClassifierTests.release.xcconfig */,
				66E775378F2F0A94BE9DD085 /* Pods-clothingClassifierUITests.debug.xcconfig */,
				DE7B49C8C3B54C901AE179BD /* Pods-clothingClassifierUITests.release.xcconfig */,
			);
			name = Pods;
			sourceTree = "<group>";
		};
/* End PBXGroup section */

/* Begin PBXNativeTarget section */
		4FB5C8B21D63CF6600E9A783 /* clothingClassifier */ = {
			isa = PBXNativeTarget;
			buildConfigurationList = 4FB5C8DB1D63CF6700E9A783 /* Build configuration list for PBXNativeTarget "clothingClassifier" */;
			buildPhases = (
				456ADBBD25236448BD04B0DB /* [CP] Check Pods Manifest.lock */,
				4FB5C8AF1D63CF6600E9A783 /* Sources */,
				4FB5C8B01D63CF6600E9A783 /* Frameworks */,
				4FB5C8B11D63CF6600E9A783 /* Resources */,
				2B108DCA280CFBE86ADF53DD /* [CP] Embed Pods Frameworks */,
				32CDD775E8689EAB697B5A29 /* [CP] Copy Pods Resources */,
			);
			buildRules = (
			);
			dependencies = (
			);
			name = clothingClassifier;
			productName = clothingClassifier;
			productReference = 4FB5C8B31D63CF6700E9A783 /* clothingClassifier.app */;
			productType = "com.apple.product-type.application";
		};
		4FB5C8C61D63CF6700E9A783 /* clothingClassifierTests */ = {
			isa = PBXNativeTarget;
			buildConfigurationList = 4FB5C8DE1D63CF6700E9A783 /* Build configuration list for PBXNativeTarget "clothingClassifierTests" */;
			buildPhases = (
				CF064B9EC273AC472968E57B /* [CP] Check Pods Manifest.lock */,
				4FB5C8C31D63CF6700E9A783 /* Sources */,
				4FB5C8C41D63CF6700E9A783 /* Frameworks */,
				4FB5C8C51D63CF6700E9A783 /* Resources */,
				FBD9AC7284928A89A3C0127F /* [CP] Embed Pods Frameworks */,
				3057777239E6A5F8D259B0C1 /* [CP] Copy Pods Resources */,
			);
			buildRules = (
			);
			dependencies = (
				4FB5C8C91D63CF6700E9A783 /* PBXTargetDependency */,
			);
			name = clothingClassifierTests;
			productName = clothingClassifierTests;
			productReference = 4FB5C8C71D63CF6700E9A783 /* clothingClassifierTests.xctest */;
			productType = "com.apple.product-type.bundle.unit-test";
		};
		4FB5C8D11D63CF6700E9A783 /* clothingClassifierUITests */ = {
			isa = PBXNativeTarget;
			buildConfigurationList = 4FB5C8E11D63CF6700E9A783 /* Build configuration list for PBXNativeTarget "clothingClassifierUITests" */;
			buildPhases = (
				F624570071E562A123588C37 /* [CP] Check Pods Manifest.lock */,
				4FB5C8CE1D63CF6700E9A783 /* Sources */,
				4FB5C8CF1D63CF6700E9A783 /* Frameworks */,
				4FB5C8D01D63CF6700E9A783 /* Resources */,
				B26CA17B24E2C0A64E8C6EDD /* [CP] Copy Pods Resources */,
			);
			buildRules = (
			);
			dependencies = (
				4FB5C8D41D63CF6700E9A783 /* PBXTargetDependency */,
			);
			name = clothingClassifierUITests;
			productName = clothingClassifierUITests;
			productReference = 4FB5C8D21D63CF6700E9A783 /* clothingClassifierUITests.xctest */;
			productType = "com.apple.product-type.bundle.ui-testing";
		};
/* End PBXNativeTarget section */

/* Begin PBXProject section */
		4FB5C8AB1D63CF6600E9A783 /* Project object */ = {
			isa = PBXProject;
			attributes = {
				LastSwiftUpdateCheck = 0730;
				LastUpgradeCheck = 0800;
				ORGANIZATIONNAME = "Camila Alvarez";
				TargetAttributes = {
					4FB5C8B21D63CF6600E9A783 = {
						CreatedOnToolsVersion = 7.3.1;
						DevelopmentTeam = 5LCZ9AMV4D;
						LastSwiftMigration = 0800;
					};
					4FB5C8C61D63CF6700E9A783 = {
						CreatedOnToolsVersion = 7.3.1;
						DevelopmentTeam = 5LCZ9AMV4D;
						LastSwiftMigration = 0800;
						TestTargetID = 4FB5C8B21D63CF6600E9A783;
					};
					4FB5C8D11D63CF6700E9A783 = {
						CreatedOnToolsVersion = 7.3.1;
						DevelopmentTeam = 5LCZ9AMV4D;
						LastSwiftMigration = 0800;
						TestTargetID = 4FB5C8B21D63CF6600E9A783;
					};
				};
			};
			buildConfigurationList = 4FB5C8AE1D63CF6600E9A783 /* Build configuration list for PBXProject "clothingClassifier" */;
			compatibilityVersion = "Xcode 3.2";
			developmentRegion = English;
			hasScannedForEncodings = 0;
			knownRegions = (
				en,
				Base,
				es,
			);
			mainGroup = 4FB5C8AA1D63CF6600E9A783;
			productRefGroup = 4FB5C8B41D63CF6700E9A783 /* Products */;
			projectDirPath = "";
			projectRoot = "";
			targets = (
				4FB5C8B21D63CF6600E9A783 /* clothingClassifier */,
				4FB5C8C61D63CF6700E9A783 /* clothingClassifierTests */,
				4FB5C8D11D63CF6700E9A783 /* clothingClassifierUITests */,
			);
		};
/* End PBXProject section */

/* Begin PBXResourcesBuildPhase section */
		4FB5C8B11D63CF6600E9A783 /* Resources */ = {
			isa = PBXResourcesBuildPhase;
			buildActionMask = 2147483647;
			files = (
				4F362AE41DA89CEF0094B6FF /* LeftBarOptionCell.xib in Resources */,
				4F362AE61DA89CEF0094B6FF /* LeftBarViewController.xib in Resources */,
				4F4473F21DADA96F003C39F8 /* LabeledImagesController.xib in Resources */,
				4F618D501DA1EC56003A220C /* Categories.plist in Resources */,
				4F4473EE1DADA959003C39F8 /* SynchronizeViewController.xib in Resources */,
				4FB5C8C11D63CF6700E9A783 /* LaunchScreen.storyboard in Resources */,
				4FB5C8E71D63D13E00E9A783 /* Localizable.strings in Resources */,
				4FB5C8BE1D63CF6700E9A783 /* Assets.xcassets in Resources */,
				4F1288461D9F38290095291C /* db.sqlite in Resources */,
				4FA1E4631D99EDB70007567B /* CropView.xib in Resources */,
				4F362AEE1DA8A0400094B6FF /* leftBarOptions.plist in Resources */,
			);
			runOnlyForDeploymentPostprocessing = 0;
		};
		4FB5C8C51D63CF6700E9A783 /* Resources */ = {
			isa = PBXResourcesBuildPhase;
			buildActionMask = 2147483647;
			files = (
			);
			runOnlyForDeploymentPostprocessing = 0;
		};
		4FB5C8D01D63CF6700E9A783 /* Resources */ = {
			isa = PBXResourcesBuildPhase;
			buildActionMask = 2147483647;
			files = (
			);
			runOnlyForDeploymentPostprocessing = 0;
		};
/* End PBXResourcesBuildPhase section */

/* Begin PBXShellScriptBuildPhase section */
		2B108DCA280CFBE86ADF53DD /* [CP] Embed Pods Frameworks */ = {
			isa = PBXShellScriptBuildPhase;
			buildActionMask = 2147483647;
			files = (
			);
			inputPaths = (
			);
			name = "[CP] Embed Pods Frameworks";
			outputPaths = (
			);
			runOnlyForDeploymentPostprocessing = 0;
			shellPath = /bin/sh;
			shellScript = "\"${SRCROOT}/Pods/Target Support Files/Pods-clothingClassifier/Pods-clothingClassifier-frameworks.sh\"\n";
			showEnvVarsInLog = 0;
		};
		3057777239E6A5F8D259B0C1 /* [CP] Copy Pods Resources */ = {
			isa = PBXShellScriptBuildPhase;
			buildActionMask = 2147483647;
			files = (
			);
			inputPaths = (
			);
			name = "[CP] Copy Pods Resources";
			outputPaths = (
			);
			runOnlyForDeploymentPostprocessing = 0;
			shellPath = /bin/sh;
			shellScript = "\"${SRCROOT}/Pods/Target Support Files/Pods-clothingClassifierTests/Pods-clothingClassifierTests-resources.sh\"\n";
			showEnvVarsInLog = 0;
		};
		32CDD775E8689EAB697B5A29 /* [CP] Copy Pods Resources */ = {
			isa = PBXShellScriptBuildPhase;
			buildActionMask = 2147483647;
			files = (
			);
			inputPaths = (
			);
			name = "[CP] Copy Pods Resources";
			outputPaths = (
			);
			runOnlyForDeploymentPostprocessing = 0;
			shellPath = /bin/sh;
			shellScript = "\"${SRCROOT}/Pods/Target Support Files/Pods-clothingClassifier/Pods-clothingClassifier-resources.sh\"\n";
			showEnvVarsInLog = 0;
		};
		456ADBBD25236448BD04B0DB /* [CP] Check Pods Manifest.lock */ = {
			isa = PBXShellScriptBuildPhase;
			buildActionMask = 2147483647;
			files = (
			);
			inputPaths = (
			);
			name = "[CP] Check Pods Manifest.lock";
			outputPaths = (
			);
			runOnlyForDeploymentPostprocessing = 0;
			shellPath = /bin/sh;
			shellScript = "diff \"${PODS_ROOT}/../Podfile.lock\" \"${PODS_ROOT}/Manifest.lock\" > /dev/null\nif [[ $? != 0 ]] ; then\n    cat << EOM\nerror: The sandbox is not in sync with the Podfile.lock. Run 'pod install' or update your CocoaPods installation.\nEOM\n    exit 1\nfi\n";
			showEnvVarsInLog = 0;
		};
		B26CA17B24E2C0A64E8C6EDD /* [CP] Copy Pods Resources */ = {
			isa = PBXShellScriptBuildPhase;
			buildActionMask = 2147483647;
			files = (
			);
			inputPaths = (
			);
			name = "[CP] Copy Pods Resources";
			outputPaths = (
			);
			runOnlyForDeploymentPostprocessing = 0;
			shellPath = /bin/sh;
			shellScript = "\"${SRCROOT}/Pods/Target Support Files/Pods-clothingClassifierUITests/Pods-clothingClassifierUITests-resources.sh\"\n";
			showEnvVarsInLog = 0;
		};
		CF064B9EC273AC472968E57B /* [CP] Check Pods Manifest.lock */ = {
			isa = PBXShellScriptBuildPhase;
			buildActionMask = 2147483647;
			files = (
			);
			inputPaths = (
			);
			name = "[CP] Check Pods Manifest.lock";
			outputPaths = (
			);
			runOnlyForDeploymentPostprocessing = 0;
			shellPath = /bin/sh;
			shellScript = "diff \"${PODS_ROOT}/../Podfile.lock\" \"${PODS_ROOT}/Manifest.lock\" > /dev/null\nif [[ $? != 0 ]] ; then\n    cat << EOM\nerror: The sandbox is not in sync with the Podfile.lock. Run 'pod install' or update your CocoaPods installation.\nEOM\n    exit 1\nfi\n";
			showEnvVarsInLog = 0;
		};
		F624570071E562A123588C37 /* [CP] Check Pods Manifest.lock */ = {
			isa = PBXShellScriptBuildPhase;
			buildActionMask = 2147483647;
			files = (
			);
			inputPaths = (
			);
			name = "[CP] Check Pods Manifest.lock";
			outputPaths = (
			);
			runOnlyForDeploymentPostprocessing = 0;
			shellPath = /bin/sh;
			shellScript = "diff \"${PODS_ROOT}/../Podfile.lock\" \"${PODS_ROOT}/Manifest.lock\" > /dev/null\nif [[ $? != 0 ]] ; then\n    cat << EOM\nerror: The sandbox is not in sync with the Podfile.lock. Run 'pod install' or update your CocoaPods installation.\nEOM\n    exit 1\nfi\n";
			showEnvVarsInLog = 0;
		};
		FBD9AC7284928A89A3C0127F /* [CP] Embed Pods Frameworks */ = {
			isa = PBXShellScriptBuildPhase;
			buildActionMask = 2147483647;
			files = (
			);
			inputPaths = (
			);
			name = "[CP] Embed Pods Frameworks";
			outputPaths = (
			);
			runOnlyForDeploymentPostprocessing = 0;
			shellPath = /bin/sh;
			shellScript = "\"${SRCROOT}/Pods/Target Support Files/Pods-clothingClassifierTests/Pods-clothingClassifierTests-frameworks.sh\"\n";
			showEnvVarsInLog = 0;
		};
/* End PBXShellScriptBuildPhase section */

/* Begin PBXSourcesBuildPhase section */
		4FB5C8AF1D63CF6600E9A783 /* Sources */ = {
			isa = PBXSourcesBuildPhase;
			buildActionMask = 2147483647;
			files = (
				4F18D5AC1D6FD27600B46F13 /* TopRectangle.swift in Sources */,
				4F362AE51DA89CEF0094B6FF /* LeftBarViewController.swift in Sources */,
				4F8F7D801D863DD900173064 /* LateralRectangle.swift in Sources */,
				4FB5C8B91D63CF6700E9A783 /* ViewController.swift in Sources */,
				4F3B92BD1D76583300255932 /* RightRectangle.swift in Sources */,
				4F4473ED1DADA959003C39F8 /* SynchronizeViewController.swift in Sources */,
				4F3B92C21D766CB100255932 /* CentralRectangle.swift in Sources */,
				4FB5C8B71D63CF6700E9A783 /* AppDelegate.swift in Sources */,
				4F362AE21DA89CEF0094B6FF /* LeftBarDelegate.swift in Sources */,
				4F618D4D1DA1A7EB003A220C /* DBHandler.swift in Sources */,
				4F362AE31DA89CEF0094B6FF /* LeftBarOptionCell.swift in Sources */,
				4F58DB951DA3408A006B4A1D /* LateralBarController.swift in Sources */,
				4FB5C8F21D654C1800E9A783 /* AdaptableRectangle.swift in Sources */,
				4F18D5AE1D6FDB1800B46F13 /* BottomRectangle.swift in Sources */,
				4F3B92C01D76617500255932 /* RectangleAdapter.swift in Sources */,
				4F3B92BB1D76401E00255932 /* LeftRectangle.swift in Sources */,
				4F362AEA1DA89D390094B6FF /* CenterControllerDelegate.swift in Sources */,
				4F4473F11DADA96F003C39F8 /* LabeledImagesController.swift in Sources */,
				4F618D551DA1FC5A003A220C /* PlistFileManager.swift in Sources */,
				4F18D5AA1D6FC6E100B46F13 /* Rectangle.swift in Sources */,
				4F362AEB1DA89D390094B6FF /* CenterViewNavigationController.swift in Sources */,
			);
			runOnlyForDeploymentPostprocessing = 0;
		};
		4FB5C8C31D63CF6700E9A783 /* Sources */ = {
			isa = PBXSourcesBuildPhase;
			buildActionMask = 2147483647;
			files = (
				4FB5C8CC1D63CF6700E9A783 /* clothingClassifierTests.swift in Sources */,
			);
			runOnlyForDeploymentPostprocessing = 0;
		};
		4FB5C8CE1D63CF6700E9A783 /* Sources */ = {
			isa = PBXSourcesBuildPhase;
			buildActionMask = 2147483647;
			files = (
				4FB5C8D71D63CF6700E9A783 /* clothingClassifierUITests.swift in Sources */,
			);
			runOnlyForDeploymentPostprocessing = 0;
		};
/* End PBXSourcesBuildPhase section */

/* Begin PBXTargetDependency section */
		4FB5C8C91D63CF6700E9A783 /* PBXTargetDependency */ = {
			isa = PBXTargetDependency;
			target = 4FB5C8B21D63CF6600E9A783 /* clothingClassifier */;
			targetProxy = 4FB5C8C81D63CF6700E9A783 /* PBXContainerItemProxy */;
		};
		4FB5C8D41D63CF6700E9A783 /* PBXTargetDependency */ = {
			isa = PBXTargetDependency;
			target = 4FB5C8B21D63CF6600E9A783 /* clothingClassifier */;
			targetProxy = 4FB5C8D31D63CF6700E9A783 /* PBXContainerItemProxy */;
		};
/* End PBXTargetDependency section */

/* Begin PBXVariantGroup section */
		4F362AF01DA8A0400094B6FF /* leftBarOptions.plist */ = {
			isa = PBXVariantGroup;
			children = (
				4F362AEF1DA8A0400094B6FF /* Base */,
				4F362AF11DA8A0420094B6FF /* es */,
			);
			name = leftBarOptions.plist;
			sourceTree = "<group>";
		};
		4F618D521DA1EC56003A220C /* Categories.plist */ = {
			isa = PBXVariantGroup;
			children = (
				4F618D511DA1EC56003A220C /* es */,
				4F618D531DA1EC5D003A220C /* Base */,
			);
			name = Categories.plist;
			sourceTree = "<group>";
		};
		4FB5C8BF1D63CF6700E9A783 /* LaunchScreen.storyboard */ = {
			isa = PBXVariantGroup;
			children = (
				4FB5C8C01D63CF6700E9A783 /* Base */,
				4FB5C8EB1D63D1AB00E9A783 /* es */,
			);
			name = LaunchScreen.storyboard;
			sourceTree = "<group>";
		};
		4FB5C8E91D63D13E00E9A783 /* Localizable.strings */ = {
			isa = PBXVariantGroup;
			children = (
				4FB5C8E81D63D13E00E9A783 /* en */,
				4FB5C8EC1D63D1AB00E9A783 /* es */,
			);
			name = Localizable.strings;
			sourceTree = "<group>";
		};
/* End PBXVariantGroup section */

/* Begin XCBuildConfiguration section */
		4FB5C8D91D63CF6700E9A783 /* Debug */ = {
			isa = XCBuildConfiguration;
			buildSettings = {
				ALWAYS_SEARCH_USER_PATHS = NO;
				CLANG_ANALYZER_LOCALIZABILITY_NONLOCALIZED = YES;
				CLANG_ANALYZER_NONNULL = YES;
				CLANG_CXX_LANGUAGE_STANDARD = "gnu++0x";
				CLANG_CXX_LIBRARY = "libc++";
				CLANG_ENABLE_MODULES = YES;
				CLANG_ENABLE_OBJC_ARC = YES;
				CLANG_WARN_BOOL_CONVERSION = YES;
				CLANG_WARN_CONSTANT_CONVERSION = YES;
				CLANG_WARN_DIRECT_OBJC_ISA_USAGE = YES_ERROR;
				CLANG_WARN_EMPTY_BODY = YES;
				CLANG_WARN_ENUM_CONVERSION = YES;
				CLANG_WARN_INFINITE_RECURSION = YES;
				CLANG_WARN_INT_CONVERSION = YES;
				CLANG_WARN_OBJC_ROOT_CLASS = YES_ERROR;
				CLANG_WARN_SUSPICIOUS_MOVE = YES;
				CLANG_WARN_UNREACHABLE_CODE = YES;
				CLANG_WARN__DUPLICATE_METHOD_MATCH = YES;
				"CODE_SIGN_IDENTITY[sdk=iphoneos*]" = "iPhone Developer";
				COPY_PHASE_STRIP = NO;
				DEBUG_INFORMATION_FORMAT = dwarf;
				ENABLE_STRICT_OBJC_MSGSEND = YES;
				ENABLE_TESTABILITY = YES;
				GCC_C_LANGUAGE_STANDARD = gnu99;
				GCC_DYNAMIC_NO_PIC = NO;
				GCC_NO_COMMON_BLOCKS = YES;
				GCC_OPTIMIZATION_LEVEL = 0;
				GCC_PREPROCESSOR_DEFINITIONS = (
					"DEBUG=1",
					"$(inherited)",
				);
				GCC_WARN_64_TO_32_BIT_CONVERSION = YES;
				GCC_WARN_ABOUT_RETURN_TYPE = YES_ERROR;
				GCC_WARN_UNDECLARED_SELECTOR = YES;
				GCC_WARN_UNINITIALIZED_AUTOS = YES_AGGRESSIVE;
				GCC_WARN_UNUSED_FUNCTION = YES;
				GCC_WARN_UNUSED_VARIABLE = YES;
				IPHONEOS_DEPLOYMENT_TARGET = 9.3;
				MTL_ENABLE_DEBUG_INFO = YES;
				ONLY_ACTIVE_ARCH = YES;
				SDKROOT = iphoneos;
				SWIFT_OPTIMIZATION_LEVEL = "-Onone";
				TARGETED_DEVICE_FAMILY = "1,2";
			};
			name = Debug;
		};
		4FB5C8DA1D63CF6700E9A783 /* Release */ = {
			isa = XCBuildConfiguration;
			buildSettings = {
				ALWAYS_SEARCH_USER_PATHS = NO;
				CLANG_ANALYZER_LOCALIZABILITY_NONLOCALIZED = YES;
				CLANG_ANALYZER_NONNULL = YES;
				CLANG_CXX_LANGUAGE_STANDARD = "gnu++0x";
				CLANG_CXX_LIBRARY = "libc++";
				CLANG_ENABLE_MODULES = YES;
				CLANG_ENABLE_OBJC_ARC = YES;
				CLANG_WARN_BOOL_CONVERSION = YES;
				CLANG_WARN_CONSTANT_CONVERSION = YES;
				CLANG_WARN_DIRECT_OBJC_ISA_USAGE = YES_ERROR;
				CLANG_WARN_EMPTY_BODY = YES;
				CLANG_WARN_ENUM_CONVERSION = YES;
				CLANG_WARN_INFINITE_RECURSION = YES;
				CLANG_WARN_INT_CONVERSION = YES;
				CLANG_WARN_OBJC_ROOT_CLASS = YES_ERROR;
				CLANG_WARN_SUSPICIOUS_MOVE = YES;
				CLANG_WARN_UNREACHABLE_CODE = YES;
				CLANG_WARN__DUPLICATE_METHOD_MATCH = YES;
				"CODE_SIGN_IDENTITY[sdk=iphoneos*]" = "iPhone Developer";
				COPY_PHASE_STRIP = NO;
				DEBUG_INFORMATION_FORMAT = "dwarf-with-dsym";
				ENABLE_NS_ASSERTIONS = NO;
				ENABLE_STRICT_OBJC_MSGSEND = YES;
				GCC_C_LANGUAGE_STANDARD = gnu99;
				GCC_NO_COMMON_BLOCKS = YES;
				GCC_WARN_64_TO_32_BIT_CONVERSION = YES;
				GCC_WARN_ABOUT_RETURN_TYPE = YES_ERROR;
				GCC_WARN_UNDECLARED_SELECTOR = YES;
				GCC_WARN_UNINITIALIZED_AUTOS = YES_AGGRESSIVE;
				GCC_WARN_UNUSED_FUNCTION = YES;
				GCC_WARN_UNUSED_VARIABLE = YES;
				IPHONEOS_DEPLOYMENT_TARGET = 9.3;
				MTL_ENABLE_DEBUG_INFO = NO;
				SDKROOT = iphoneos;
				SWIFT_OPTIMIZATION_LEVEL = "-Owholemodule";
				TARGETED_DEVICE_FAMILY = "1,2";
				VALIDATE_PRODUCT = YES;
			};
			name = Release;
		};
		4FB5C8DC1D63CF6700E9A783 /* Debug */ = {
			isa = XCBuildConfiguration;
			baseConfigurationReference = ADD14E9FDCD58C7244D47864 /* Pods-clothingClassifier.debug.xcconfig */;
			buildSettings = {
				ASSETCATALOG_COMPILER_APPICON_NAME = AppIcon;
				INFOPLIST_FILE = clothingClassifier/Info.plist;
				LD_RUNPATH_SEARCH_PATHS = "$(inherited) @executable_path/Frameworks";
				PRODUCT_BUNDLE_IDENTIFIER = camila.alvarez.clothingClassifier;
				PRODUCT_NAME = "$(TARGET_NAME)";
				SWIFT_VERSION = 3.0;
			};
			name = Debug;
		};
		4FB5C8DD1D63CF6700E9A783 /* Release */ = {
			isa = XCBuildConfiguration;
			baseConfigurationReference = 85E3706CF82F61FCCEE5400B /* Pods-clothingClassifier.release.xcconfig */;
			buildSettings = {
				ASSETCATALOG_COMPILER_APPICON_NAME = AppIcon;
				INFOPLIST_FILE = clothingClassifier/Info.plist;
				LD_RUNPATH_SEARCH_PATHS = "$(inherited) @executable_path/Frameworks";
				PRODUCT_BUNDLE_IDENTIFIER = camila.alvarez.clothingClassifier;
				PRODUCT_NAME = "$(TARGET_NAME)";
				SWIFT_VERSION = 3.0;
			};
			name = Release;
		};
		4FB5C8DF1D63CF6700E9A783 /* Debug */ = {
			isa = XCBuildConfiguration;
			baseConfigurationReference = 10C5C35411F5F646344F8527 /* Pods-clothingClassifierTests.debug.xcconfig */;
			buildSettings = {
				BUNDLE_LOADER = "$(TEST_HOST)";
				INFOPLIST_FILE = clothingClassifierTests/Info.plist;
				LD_RUNPATH_SEARCH_PATHS = "$(inherited) @executable_path/Frameworks @loader_path/Frameworks";
				PRODUCT_BUNDLE_IDENTIFIER = camila.alvarez.clothingClassifierTests;
				PRODUCT_NAME = "$(TARGET_NAME)";
				SWIFT_VERSION = 3.0;
				TEST_HOST = "$(BUILT_PRODUCTS_DIR)/clothingClassifier.app/clothingClassifier";
			};
			name = Debug;
		};
		4FB5C8E01D63CF6700E9A783 /* Release */ = {
			isa = XCBuildConfiguration;
			baseConfigurationReference = F303DBD6886DF23A404912C9 /* Pods-clothingClassifierTests.release.xcconfig */;
			buildSettings = {
				BUNDLE_LOADER = "$(TEST_HOST)";
				INFOPLIST_FILE = clothingClassifierTests/Info.plist;
				LD_RUNPATH_SEARCH_PATHS = "$(inherited) @executable_path/Frameworks @loader_path/Frameworks";
				PRODUCT_BUNDLE_IDENTIFIER = camila.alvarez.clothingClassifierTests;
				PRODUCT_NAME = "$(TARGET_NAME)";
				SWIFT_VERSION = 3.0;
				TEST_HOST = "$(BUILT_PRODUCTS_DIR)/clothingClassifier.app/clothingClassifier";
			};
			name = Release;
		};
		4FB5C8E21D63CF6700E9A783 /* Debug */ = {
			isa = XCBuildConfiguration;
			baseConfigurationReference = 66E775378F2F0A94BE9DD085 /* Pods-clothingClassifierUITests.debug.xcconfig */;
			buildSettings = {
				INFOPLIST_FILE = clothingClassifierUITests/Info.plist;
				LD_RUNPATH_SEARCH_PATHS = "$(inherited) @executable_path/Frameworks @loader_path/Frameworks";
				PRODUCT_BUNDLE_IDENTIFIER = camila.alvarez.clothingClassifierUITests;
				PRODUCT_NAME = "$(TARGET_NAME)";
				SWIFT_VERSION = 3.0;
				TEST_TARGET_NAME = clothingClassifier;
			};
			name = Debug;
		};
		4FB5C8E31D63CF6700E9A783 /* Release */ = {
			isa = XCBuildConfiguration;
			baseConfigurationReference = DE7B49C8C3B54C901AE179BD /* Pods-clothingClassifierUITests.release.xcconfig */;
			buildSettings = {
				INFOPLIST_FILE = clothingClassifierUITests/Info.plist;
				LD_RUNPATH_SEARCH_PATHS = "$(inherited) @executable_path/Frameworks @loader_path/Frameworks";
				PRODUCT_BUNDLE_IDENTIFIER = camila.alvarez.clothingClassifierUITests;
				PRODUCT_NAME = "$(TARGET_NAME)";
				SWIFT_VERSION = 3.0;
				TEST_TARGET_NAME = clothingClassifier;
			};
			name = Release;
		};
/* End XCBuildConfiguration section */

/* Begin XCConfigurationList section */
		4FB5C8AE1D63CF6600E9A783 /* Build configuration list for PBXProject "clothingClassifier" */ = {
			isa = XCConfigurationList;
			buildConfigurations = (
				4FB5C8D91D63CF6700E9A783 /* Debug */,
				4FB5C8DA1D63CF6700E9A783 /* Release */,
			);
			defaultConfigurationIsVisible = 0;
			defaultConfigurationName = Release;
		};
		4FB5C8DB1D63CF6700E9A783 /* Build configuration list for PBXNativeTarget "clothingClassifier" */ = {
			isa = XCConfigurationList;
			buildConfigurations = (
				4FB5C8DC1D63CF6700E9A783 /* Debug */,
				4FB5C8DD1D63CF6700E9A783 /* Release */,
			);
			defaultConfigurationIsVisible = 0;
			defaultConfigurationName = Release;
		};
		4FB5C8DE1D63CF6700E9A783 /* Build configuration list for PBXNativeTarget "clothingClassifierTests" */ = {
			isa = XCConfigurationList;
			buildConfigurations = (
				4FB5C8DF1D63CF6700E9A783 /* Debug */,
				4FB5C8E01D63CF6700E9A783 /* Release */,
			);
			defaultConfigurationIsVisible = 0;
			defaultConfigurationName = Release;
		};
		4FB5C8E11D63CF6700E9A783 /* Build configuration list for PBXNativeTarget "clothingClassifierUITests" */ = {
			isa = XCConfigurationList;
			buildConfigurations = (
				4FB5C8E21D63CF6700E9A783 /* Debug */,
				4FB5C8E31D63CF6700E9A783 /* Release */,
			);
			defaultConfigurationIsVisible = 0;
			defaultConfigurationName = Release;
		};
/* End XCConfigurationList section */
	};
	rootObject = 4FB5C8AB1D63CF6600E9A783 /* Project object */;
}
